// !$*UTF8*$!
{
	archiveVersion = 1;
	classes = {
	};
	objectVersion = 50;
	objects = {

/* Begin PBXBuildFile section */
		68A12C4B26070B4800146346 /* AppDelegate.swift in Sources */ = {isa = PBXBuildFile; fileRef = 68A12C4A26070B4800146346 /* AppDelegate.swift */; };
		68A12C4D26070B4800146346 /* SceneDelegate.swift in Sources */ = {isa = PBXBuildFile; fileRef = 68A12C4C26070B4800146346 /* SceneDelegate.swift */; };
		68A12C4F26070B4800146346 /* ViewController.swift in Sources */ = {isa = PBXBuildFile; fileRef = 68A12C4E26070B4800146346 /* ViewController.swift */; };
		68A12C5226070B4800146346 /* Main.storyboard in Resources */ = {isa = PBXBuildFile; fileRef = 68A12C5026070B4800146346 /* Main.storyboard */; };
		68A12C5426070B4900146346 /* Assets.xcassets in Resources */ = {isa = PBXBuildFile; fileRef = 68A12C5326070B4900146346 /* Assets.xcassets */; };
		68A12C5726070B4900146346 /* LaunchScreen.storyboard in Resources */ = {isa = PBXBuildFile; fileRef = 68A12C5526070B4900146346 /* LaunchScreen.storyboard */; };
		68A12C6226070B4900146346 /* My_First_iOSTests.swift in Sources */ = {isa = PBXBuildFile; fileRef = 68A12C6126070B4900146346 /* My_First_iOSTests.swift */; };
		68A12C6D26070B4900146346 /* My_First_iOSUITests.swift in Sources */ = {isa = PBXBuildFile; fileRef = 68A12C6C26070B4900146346 /* My_First_iOSUITests.swift */; };
/* End PBXBuildFile section */

/* Begin PBXContainerItemProxy section */
		68A12C5E26070B4900146346 /* PBXContainerItemProxy */ = {
			isa = PBXContainerItemProxy;
			containerPortal = 68A12C3F26070B4700146346 /* Project object */;
			proxyType = 1;
			remoteGlobalIDString = 68A12C4626070B4800146346;
			remoteInfo = My_First_iOS;
		};
		68A12C6926070B4900146346 /* PBXContainerItemProxy */ = {
			isa = PBXContainerItemProxy;
			containerPortal = 68A12C3F26070B4700146346 /* Project object */;
			proxyType = 1;
			remoteGlobalIDString = 68A12C4626070B4800146346;
			remoteInfo = My_First_iOS;
		};
/* End PBXContainerItemProxy section */

/* Begin PBXFileReference section */
		68A12C4726070B4800146346 /* My_First_iOS.app */ = {isa = PBXFileReference; explicitFileType = wrapper.application; includeInIndex = 0; path = My_First_iOS.app; sourceTree = BUILT_PRODUCTS_DIR; };
		68A12C4A26070B4800146346 /* AppDelegate.swift */ = {isa = PBXFileReference; lastKnownFileType = sourcecode.swift; path = AppDelegate.swift; sourceTree = "<group>"; };
		68A12C4C26070B4800146346 /* SceneDelegate.swift */ = {isa = PBXFileReference; lastKnownFileType = sourcecode.swift; path = SceneDelegate.swift; sourceTree = "<group>"; };
		68A12C4E26070B4800146346 /* ViewController.swift */ = {isa = PBXFileReference; lastKnownFileType = sourcecode.swift; path = ViewController.swift; sourceTree = "<group>"; };
		68A12C5126070B4800146346 /* Base */ = {isa = PBXFileReference; lastKnownFileType = file.storyboard; name = Base; path = Base.lproj/Main.storyboard; sourceTree = "<group>"; };
		68A12C5326070B4900146346 /* Assets.xcassets */ = {isa = PBXFileReference; lastKnownFileType = folder.assetcatalog; path = Assets.xcassets; sourceTree = "<group>"; };
		68A12C5626070B4900146346 /* Base */ = {isa = PBXFileReference; lastKnownFileType = file.storyboard; name = Base; path = Base.lproj/LaunchScreen.storyboard; sourceTree = "<group>"; };
		68A12C5826070B4900146346 /* Info.plist */ = {isa = PBXFileReference; lastKnownFileType = text.plist.xml; path = Info.plist; sourceTree = "<group>"; };
		68A12C5D26070B4900146346 /* My_First_iOSTests.xctest */ = {isa = PBXFileReference; explicitFileType = wrapper.cfbundle; includeInIndex = 0; path = My_First_iOSTests.xctest; sourceTree = BUILT_PRODUCTS_DIR; };
		68A12C6126070B4900146346 /* My_First_iOSTests.swift */ = {isa = PBXFileReference; lastKnownFileType = sourcecode.swift; path = My_First_iOSTests.swift; sourceTree = "<group>"; };
		68A12C6326070B4900146346 /* Info.plist */ = {isa = PBXFileReference; lastKnownFileType = text.plist.xml; path = Info.plist; sourceTree = "<group>"; };
		68A12C6826070B4900146346 /* My_First_iOSUITests.xctest */ = {isa = PBXFileReference; explicitFileType = wrapper.cfbundle; includeInIndex = 0; path = My_First_iOSUITests.xctest; sourceTree = BUILT_PRODUCTS_DIR; };
		68A12C6C26070B4900146346 /* My_First_iOSUITests.swift */ = {isa = PBXFileReference; lastKnownFileType = sourcecode.swift; path = My_First_iOSUITests.swift; sourceTree = "<group>"; };
		68A12C6E26070B4900146346 /* Info.plist */ = {isa = PBXFileReference; lastKnownFileType = text.plist.xml; path = Info.plist; sourceTree = "<group>"; };
/* End PBXFileReference section */

/* Begin PBXFrameworksBuildPhase section */
		68A12C4426070B4800146346 /* Frameworks */ = {
			isa = PBXFrameworksBuildPhase;
			buildActionMask = 2147483647;
			files = (
			);
			runOnlyForDeploymentPostprocessing = 0;
		};
		68A12C5A26070B4900146346 /* Frameworks */ = {
			isa = PBXFrameworksBuildPhase;
			buildActionMask = 2147483647;
			files = (
			);
			runOnlyForDeploymentPostprocessing = 0;
		};
		68A12C6526070B4900146346 /* Frameworks */ = {
			isa = PBXFrameworksBuildPhase;
			buildActionMask = 2147483647;
			files = (
			);
			runOnlyForDeploymentPostprocessing = 0;
		};
/* End PBXFrameworksBuildPhase section */

/* Begin PBXGroup section */
		68A12C3E26070B4700146346 = {
			isa = PBXGroup;
			children = (
				68A12C4926070B4800146346 /* My_First_iOS */,
				68A12C6026070B4900146346 /* My_First_iOSTests */,
				68A12C6B26070B4900146346 /* My_First_iOSUITests */,
				68A12C4826070B4800146346 /* Products */,
			);
			sourceTree = "<group>";
		};
		68A12C4826070B4800146346 /* Products */ = {
			isa = PBXGroup;
			children = (
				68A12C4726070B4800146346 /* My_First_iOS.app */,
				68A12C5D26070B4900146346 /* My_First_iOSTests.xctest */,
				68A12C6826070B4900146346 /* My_First_iOSUITests.xctest */,
			);
			name = Products;
			sourceTree = "<group>";
		};
		68A12C4926070B4800146346 /* My_First_iOS */ = {
			isa = PBXGroup;
			children = (
				68A12C4A26070B4800146346 /* AppDelegate.swift */,
				68A12C4C26070B4800146346 /* SceneDelegate.swift */,
				68A12C4E26070B4800146346 /* ViewController.swift */,
				68A12C5026070B4800146346 /* Main.storyboard */,
				68A12C5326070B4900146346 /* Assets.xcassets */,
				68A12C5526070B4900146346 /* LaunchScreen.storyboard */,
				68A12C5826070B4900146346 /* Info.plist */,
			);
			path = My_First_iOS;
			sourceTree = "<group>";
		};
		68A12C6026070B4900146346 /* My_First_iOSTests */ = {
			isa = PBXGroup;
			children = (
				68A12C6126070B4900146346 /* My_First_iOSTests.swift */,
				68A12C6326070B4900146346 /* Info.plist */,
			);
			path = My_First_iOSTests;
			sourceTree = "<group>";
		};
		68A12C6B26070B4900146346 /* My_First_iOSUITests */ = {
			isa = PBXGroup;
			children = (
				68A12C6C26070B4900146346 /* My_First_iOSUITests.swift */,
				68A12C6E26070B4900146346 /* Info.plist */,
			);
			path = My_First_iOSUITests;
			sourceTree = "<group>";
		};
/* End PBXGroup section */

/* Begin PBXNativeTarget section */
		68A12C4626070B4800146346 /* My_First_iOS */ = {
			isa = PBXNativeTarget;
			buildConfigurationList = 68A12C7126070B4900146346 /* Build configuration list for PBXNativeTarget "My_First_iOS" */;
			buildPhases = (
				68A12C4326070B4800146346 /* Sources */,
				68A12C4426070B4800146346 /* Frameworks */,
				68A12C4526070B4800146346 /* Resources */,
			);
			buildRules = (
			);
			dependencies = (
			);
			name = My_First_iOS;
			productName = My_First_iOS;
			productReference = 68A12C4726070B4800146346 /* My_First_iOS.app */;
			productType = "com.apple.product-type.application";
		};
		68A12C5C26070B4900146346 /* My_First_iOSTests */ = {
			isa = PBXNativeTarget;
			buildConfigurationList = 68A12C7426070B4900146346 /* Build configuration list for PBXNativeTarget "My_First_iOSTests" */;
			buildPhases = (
				68A12C5926070B4900146346 /* Sources */,
				68A12C5A26070B4900146346 /* Frameworks */,
				68A12C5B26070B4900146346 /* Resources */,
			);
			buildRules = (
			);
			dependencies = (
				68A12C5F26070B4900146346 /* PBXTargetDependency */,
			);
			name = My_First_iOSTests;
			productName = My_First_iOSTests;
			productReference = 68A12C5D26070B4900146346 /* My_First_iOSTests.xctest */;
			productType = "com.apple.product-type.bundle.unit-test";
		};
		68A12C6726070B4900146346 /* My_First_iOSUITests */ = {
			isa = PBXNativeTarget;
			buildConfigurationList = 68A12C7726070B4900146346 /* Build configuration list for PBXNativeTarget "My_First_iOSUITests" */;
			buildPhases = (
				68A12C6426070B4900146346 /* Sources */,
				68A12C6526070B4900146346 /* Frameworks */,
				68A12C6626070B4900146346 /* Resources */,
			);
			buildRules = (
			);
			dependencies = (
				68A12C6A26070B4900146346 /* PBXTargetDependency */,
			);
			name = My_First_iOSUITests;
			productName = My_First_iOSUITests;
			productReference = 68A12C6826070B4900146346 /* My_First_iOSUITests.xctest */;
			productType = "com.apple.product-type.bundle.ui-testing";
		};
/* End PBXNativeTarget section */

/* Begin PBXProject section */
		68A12C3F26070B4700146346 /* Project object */ = {
			isa = PBXProject;
			attributes = {
				LastSwiftUpdateCheck = 1240;
				LastUpgradeCheck = 1240;
				TargetAttributes = {
					68A12C4626070B4800146346 = {
						CreatedOnToolsVersion = 12.4;
					};
					68A12C5C26070B4900146346 = {
						CreatedOnToolsVersion = 12.4;
						TestTargetID = 68A12C4626070B4800146346;
					};
					68A12C6726070B4900146346 = {
						CreatedOnToolsVersion = 12.4;
						TestTargetID = 68A12C4626070B4800146346;
					};
				};
			};
			buildConfigurationList = 68A12C4226070B4700146346 /* Build configuration list for PBXProject "My_First_iOS" */;
			compatibilityVersion = "Xcode 9.3";
			developmentRegion = en;
			hasScannedForEncodings = 0;
			knownRegions = (
				en,
				Base,
			);
			mainGroup = 68A12C3E26070B4700146346;
			productRefGroup = 68A12C4826070B4800146346 /* Products */;
			projectDirPath = "";
			projectRoot = "";
			targets = (
				68A12C4626070B4800146346 /* My_First_iOS */,
				68A12C5C26070B4900146346 /* My_First_iOSTests */,
				68A12C6726070B4900146346 /* My_First_iOSUITests */,
			);
		};
/* End PBXProject section */

/* Begin PBXResourcesBuildPhase section */
		68A12C4526070B4800146346 /* Resources */ = {
			isa = PBXResourcesBuildPhase;
			buildActionMask = 2147483647;
			files = (
				68A12C5726070B4900146346 /* LaunchScreen.storyboard in Resources */,
				68A12C5426070B4900146346 /* Assets.xcassets in Resources */,
				68A12C5226070B4800146346 /* Main.storyboard in Resources */,
			);
			runOnlyForDeploymentPostprocessing = 0;
		};
		68A12C5B26070B4900146346 /* Resources */ = {
			isa = PBXResourcesBuildPhase;
			buildActionMask = 2147483647;
			files = (
			);
			runOnlyForDeploymentPostprocessing = 0;
		};
		68A12C6626070B4900146346 /* Resources */ = {
			isa = PBXResourcesBuildPhase;
			buildActionMask = 2147483647;
			files = (
			);
			runOnlyForDeploymentPostprocessing = 0;
		};
/* End PBXResourcesBuildPhase section */

/* Begin PBXSourcesBuildPhase section */
		68A12C4326070B4800146346 /* Sources */ = {
			isa = PBXSourcesBuildPhase;
			buildActionMask = 2147483647;
			files = (
				68A12C4F26070B4800146346 /* ViewController.swift in Sources */,
				68A12C4B26070B4800146346 /* AppDelegate.swift in Sources */,
				68A12C4D26070B4800146346 /* SceneDelegate.swift in Sources */,
			);
			runOnlyForDeploymentPostprocessing = 0;
		};
		68A12C5926070B4900146346 /* Sources */ = {
			isa = PBXSourcesBuildPhase;
			buildActionMask = 2147483647;
			files = (
				68A12C6226070B4900146346 /* My_First_iOSTests.swift in Sources */,
			);
			runOnlyForDeploymentPostprocessing = 0;
		};
		68A12C6426070B4900146346 /* Sources */ = {
			isa = PBXSourcesBuildPhase;
			buildActionMask = 2147483647;
			files = (
				68A12C6D26070B4900146346 /* My_First_iOSUITests.swift in Sources */,
			);
			runOnlyForDeploymentPostprocessing = 0;
		};
/* End PBXSourcesBuildPhase section */

/* Begin PBXTargetDependency section */
		68A12C5F26070B4900146346 /* PBXTargetDependency */ = {
			isa = PBXTargetDependency;
			target = 68A12C4626070B4800146346 /* My_First_iOS */;
			targetProxy = 68A12C5E26070B4900146346 /* PBXContainerItemProxy */;
		};
		68A12C6A26070B4900146346 /* PBXTargetDependency */ = {
			isa = PBXTargetDependency;
			target = 68A12C4626070B4800146346 /* My_First_iOS */;
			targetProxy = 68A12C6926070B4900146346 /* PBXContainerItemProxy */;
		};
/* End PBXTargetDependency section */

/* Begin PBXVariantGroup section */
		68A12C5026070B4800146346 /* Main.storyboard */ = {
			isa = PBXVariantGroup;
			children = (
				68A12C5126070B4800146346 /* Base */,
			);
			name = Main.storyboard;
			sourceTree = "<group>";
		};
		68A12C5526070B4900146346 /* LaunchScreen.storyboard */ = {
			isa = PBXVariantGroup;
			children = (
				68A12C5626070B4900146346 /* Base */,
			);
			name = LaunchScreen.storyboard;
			sourceTree = "<group>";
		};
/* End PBXVariantGroup section */

/* Begin XCBuildConfiguration section */
		68A12C6F26070B4900146346 /* Debug */ = {
			isa = XCBuildConfiguration;
			buildSettings = {
				ALWAYS_SEARCH_USER_PATHS = NO;
				CLANG_ANALYZER_NONNULL = YES;
				CLANG_ANALYZER_NUMBER_OBJECT_CONVERSION = YES_AGGRESSIVE;
				CLANG_CXX_LANGUAGE_STANDARD = "gnu++14";
				CLANG_CXX_LIBRARY = "libc++";
				CLANG_ENABLE_MODULES = YES;
				CLANG_ENABLE_OBJC_ARC = YES;
				CLANG_ENABLE_OBJC_WEAK = YES;
				CLANG_WARN_BLOCK_CAPTURE_AUTORELEASING = YES;
				CLANG_WARN_BOOL_CONVERSION = YES;
				CLANG_WARN_COMMA = YES;
				CLANG_WARN_CONSTANT_CONVERSION = YES;
				CLANG_WARN_DEPRECATED_OBJC_IMPLEMENTATIONS = YES;
				CLANG_WARN_DIRECT_OBJC_ISA_USAGE = YES_ERROR;
				CLANG_WARN_DOCUMENTATION_COMMENTS = YES;
				CLANG_WARN_EMPTY_BODY = YES;
				CLANG_WARN_ENUM_CONVERSION = YES;
				CLANG_WARN_INFINITE_RECURSION = YES;
				CLANG_WARN_INT_CONVERSION = YES;
				CLANG_WARN_NON_LITERAL_NULL_CONVERSION = YES;
				CLANG_WARN_OBJC_IMPLICIT_RETAIN_SELF = YES;
				CLANG_WARN_OBJC_LITERAL_CONVERSION = YES;
				CLANG_WARN_OBJC_ROOT_CLASS = YES_ERROR;
				CLANG_WARN_QUOTED_INCLUDE_IN_FRAMEWORK_HEADER = YES;
				CLANG_WARN_RANGE_LOOP_ANALYSIS = YES;
				CLANG_WARN_STRICT_PROTOTYPES = YES;
				CLANG_WARN_SUSPICIOUS_MOVE = YES;
				CLANG_WARN_UNGUARDED_AVAILABILITY = YES_AGGRESSIVE;
				CLANG_WARN_UNREACHABLE_CODE = YES;
				CLANG_WARN__DUPLICATE_METHOD_MATCH = YES;
				COPY_PHASE_STRIP = NO;
				DEBUG_INFORMATION_FORMAT = dwarf;
				ENABLE_STRICT_OBJC_MSGSEND = YES;
				ENABLE_TESTABILITY = YES;
				GCC_C_LANGUAGE_STANDARD = gnu11;
				GCC_DYNAMIC_NO_PIC = NO;
				GCC_NO_COMMON_BLOCKS = YES;
				GCC_OPTIMIZATION_LEVEL = 0;
				GCC_PREPROCESSOR_DEFINITIONS = (
					"DEBUG=1",
					"$(inherited)",
				);
				GCC_WARN_64_TO_32_BIT_CONVERSION = YES;
				GCC_WARN_ABOUT_RETURN_TYPE = YES_ERROR;
				GCC_WARN_UNDECLARED_SELECTOR = YES;
				GCC_WARN_UNINITIALIZED_AUTOS = YES_AGGRESSIVE;
				GCC_WARN_UNUSED_FUNCTION = YES;
				GCC_WARN_UNUSED_VARIABLE = YES;
				IPHONEOS_DEPLOYMENT_TARGET = 14.4;
				MTL_ENABLE_DEBUG_INFO = INCLUDE_SOURCE;
				MTL_FAST_MATH = YES;
				ONLY_ACTIVE_ARCH = YES;
				SDKROOT = iphoneos;
				SWIFT_ACTIVE_COMPILATION_CONDITIONS = DEBUG;
				SWIFT_OPTIMIZATION_LEVEL = "-Onone";
			};
			name = Debug;
		};
		68A12C7026070B4900146346 /* Release */ = {
			isa = XCBuildConfiguration;
			buildSettings = {
				ALWAYS_SEARCH_USER_PATHS = NO;
				CLANG_ANALYZER_NONNULL = YES;
				CLANG_ANALYZER_NUMBER_OBJECT_CONVERSION = YES_AGGRESSIVE;
				CLANG_CXX_LANGUAGE_STANDARD = "gnu++14";
				CLANG_CXX_LIBRARY = "libc++";
				CLANG_ENABLE_MODULES = YES;
				CLANG_ENABLE_OBJC_ARC = YES;
				CLANG_ENABLE_OBJC_WEAK = YES;
				CLANG_WARN_BLOCK_CAPTURE_AUTORELEASING = YES;
				CLANG_WARN_BOOL_CONVERSION = YES;
				CLANG_WARN_COMMA = YES;
				CLANG_WARN_CONSTANT_CONVERSION = YES;
				CLANG_WARN_DEPRECATED_OBJC_IMPLEMENTATIONS = YES;
				CLANG_WARN_DIRECT_OBJC_ISA_USAGE = YES_ERROR;
				CLANG_WARN_DOCUMENTATION_COMMENTS = YES;
				CLANG_WARN_EMPTY_BODY = YES;
				CLANG_WARN_ENUM_CONVERSION = YES;
				CLANG_WARN_INFINITE_RECURSION = YES;
				CLANG_WARN_INT_CONVERSION = YES;
				CLANG_WARN_NON_LITERAL_NULL_CONVERSION = YES;
				CLANG_WARN_OBJC_IMPLICIT_RETAIN_SELF = YES;
				CLANG_WARN_OBJC_LITERAL_CONVERSION = YES;
				CLANG_WARN_OBJC_ROOT_CLASS = YES_ERROR;
				CLANG_WARN_QUOTED_INCLUDE_IN_FRAMEWORK_HEADER = YES;
				CLANG_WARN_RANGE_LOOP_ANALYSIS = YES;
				CLANG_WARN_STRICT_PROTOTYPES = YES;
				CLANG_WARN_SUSPICIOUS_MOVE = YES;
				CLANG_WARN_UNGUARDED_AVAILABILITY = YES_AGGRESSIVE;
				CLANG_WARN_UNREACHABLE_CODE = YES;
				CLANG_WARN__DUPLICATE_METHOD_MATCH = YES;
				COPY_PHASE_STRIP = NO;
				DEBUG_INFORMATION_FORMAT = "dwarf-with-dsym";
				ENABLE_NS_ASSERTIONS = NO;
				ENABLE_STRICT_OBJC_MSGSEND = YES;
				GCC_C_LANGUAGE_STANDARD = gnu11;
				GCC_NO_COMMON_BLOCKS = YES;
				GCC_WARN_64_TO_32_BIT_CONVERSION = YES;
				GCC_WARN_ABOUT_RETURN_TYPE = YES_ERROR;
				GCC_WARN_UNDECLARED_SELECTOR = YES;
				GCC_WARN_UNINITIALIZED_AUTOS = YES_AGGRESSIVE;
				GCC_WARN_UNUSED_FUNCTION = YES;
				GCC_WARN_UNUSED_VARIABLE = YES;
				IPHONEOS_DEPLOYMENT_TARGET = 14.4;
				MTL_ENABLE_DEBUG_INFO = NO;
				MTL_FAST_MATH = YES;
				SDKROOT = iphoneos;
				SWIFT_COMPILATION_MODE = wholemodule;
				SWIFT_OPTIMIZATION_LEVEL = "-O";
				VALIDATE_PRODUCT = YES;
			};
			name = Release;
		};
		68A12C7226070B4900146346 /* Debug */ = {
			isa = XCBuildConfiguration;
			buildSettings = {
				ASSETCATALOG_COMPILER_APPICON_NAME = AppIcon;
				ASSETCATALOG_COMPILER_GLOBAL_ACCENT_COLOR_NAME = AccentColor;
				CODE_SIGN_STYLE = Automatic;
				INFOPLIST_FILE = My_First_iOS/Info.plist;
				LD_RUNPATH_SEARCH_PATHS = (
					"$(inherited)",
					"@executable_path/Frameworks",
				);
				PRODUCT_BUNDLE_IDENTIFIER = "simonpark.My-First-iOS";
				PRODUCT_NAME = "$(TARGET_NAME)";
				SWIFT_VERSION = 5.0;
				TARGETED_DEVICE_FAMILY = "1,2";
			};
			name = Debug;
		};
		68A12C7326070B4900146346 /* Release */ = {
			isa = XCBuildConfiguration;
			buildSettings = {
				ASSETCATALOG_COMPILER_APPICON_NAME = AppIcon;
				ASSETCATALOG_COMPILER_GLOBAL_ACCENT_COLOR_NAME = AccentColor;
				CODE_SIGN_STYLE = Automatic;
				INFOPLIST_FILE = My_First_iOS/Info.plist;
				LD_RUNPATH_SEARCH_PATHS = (
					"$(inherited)",
					"@executable_path/Frameworks",
				);
				PRODUCT_BUNDLE_IDENTIFIER = "simonpark.My-First-iOS";
				PRODUCT_NAME = "$(TARGET_NAME)";
				SWIFT_VERSION = 5.0;
				TARGETED_DEVICE_FAMILY = "1,2";
			};
			name = Release;
		};
		68A12C7526070B4900146346 /* Debug */ = {
			isa = XCBuildConfiguration;
			buildSettings = {
				ALWAYS_EMBED_SWIFT_STANDARD_LIBRARIES = YES;
				BUNDLE_LOADER = "$(TEST_HOST)";
				CODE_SIGN_STYLE = Automatic;
				INFOPLIST_FILE = My_First_iOSTests/Info.plist;
				IPHONEOS_DEPLOYMENT_TARGET = 14.4;
				LD_RUNPATH_SEARCH_PATHS = (
					"$(inherited)",
					"@executable_path/Frameworks",
					"@loader_path/Frameworks",
				);
				PRODUCT_BUNDLE_IDENTIFIER = "simonpark.My-First-iOSTests";
				PRODUCT_NAME = "$(TARGET_NAME)";
				SWIFT_VERSION = 5.0;
				TARGETED_DEVICE_FAMILY = "1,2";
				TEST_HOST = "$(BUILT_PRODUCTS_DIR)/My_First_iOS.app/My_First_iOS";
			};
			name = Debug;
		};
		68A12C7626070B4900146346 /* Release */ = {
			isa = XCBuildConfiguration;
			buildSettings = {
				ALWAYS_EMBED_SWIFT_STANDARD_LIBRARIES = YES;
				BUNDLE_LOADER = "$(TEST_HOST)";
				CODE_SIGN_STYLE = Automatic;
				INFOPLIST_FILE = My_First_iOSTests/Info.plist;
				IPHONEOS_DEPLOYMENT_TARGET = 14.4;
				LD_RUNPATH_SEARCH_PATHS = (
					"$(inherited)",
					"@executable_path/Frameworks",
					"@loader_path/Frameworks",
				);
				PRODUCT_BUNDLE_IDENTIFIER = "simonpark.My-First-iOSTests";
				PRODUCT_NAME = "$(TARGET_NAME)";
				SWIFT_VERSION = 5.0;
				TARGETED_DEVICE_FAMILY = "1,2";
				TEST_HOST = "$(BUILT_PRODUCTS_DIR)/My_First_iOS.app/My_First_iOS";
			};
			name = Release;
		};
		68A12C7826070B4900146346 /* Debug */ = {
			isa = XCBuildConfiguration;
			buildSettings = {
				ALWAYS_EMBED_SWIFT_STANDARD_LIBRARIES = YES;
				CODE_SIGN_STYLE = Automatic;
				INFOPLIST_FILE = My_First_iOSUITests/Info.plist;
				LD_RUNPATH_SEARCH_PATHS = (
					"$(inherited)",
					"@executable_path/Frameworks",
					"@loader_path/Frameworks",
				);
				PRODUCT_BUNDLE_IDENTIFIER = "simonpark.My-First-iOSUITests";
				PRODUCT_NAME = "$(TARGET_NAME)";
				SWIFT_VERSION = 5.0;
				TARGETED_DEVICE_FAMILY = "1,2";
				TEST_TARGET_NAME = My_First_iOS;
			};
			name = Debug;
		};
		68A12C7926070B4900146346 /* Release */ = {
			isa = XCBuildConfiguration;
			buildSettings = {
				ALWAYS_EMBED_SWIFT_STANDARD_LIBRARIES = YES;
				CODE_SIGN_STYLE = Automatic;
				INFOPLIST_FILE = My_First_iOSUITests/Info.plist;
				LD_RUNPATH_SEARCH_PATHS = (
					"$(inherited)",
					"@executable_path/Frameworks",
					"@loader_path/Frameworks",
				);
				PRODUCT_BUNDLE_IDENTIFIER = "simonpark.My-First-iOSUITests";
				PRODUCT_NAME = "$(TARGET_NAME)";
				SWIFT_VERSION = 5.0;
				TARGETED_DEVICE_FAMILY = "1,2";
				TEST_TARGET_NAME = My_First_iOS;
			};
			name = Release;
		};
/* End XCBuildConfiguration section */

/* Begin XCConfigurationList section */
		68A12C4226070B4700146346 /* Build configuration list for PBXProject "My_First_iOS" */ = {
			isa = XCConfigurationList;
			buildConfigurations = (
				68A12C6F26070B4900146346 /* Debug */,
				68A12C7026070B4900146346 /* Release */,
			);
			defaultConfigurationIsVisible = 0;
			defaultConfigurationName = Release;
		};
		68A12C7126070B4900146346 /* Build configuration list for PBXNativeTarget "My_First_iOS" */ = {
			isa = XCConfigurationList;
			buildConfigurations = (
				68A12C7226070B4900146346 /* Debug */,
				68A12C7326070B4900146346 /* Release */,
			);
			defaultConfigurationIsVisible = 0;
			defaultConfigurationName = Release;
		};
		68A12C7426070B4900146346 /* Build configuration list for PBXNativeTarget "My_First_iOSTests" */ = {
			isa = XCConfigurationList;
			buildConfigurations = (
				68A12C7526070B4900146346 /* Debug */,
				68A12C7626070B4900146346 /* Release */,
			);
			defaultConfigurationIsVisible = 0;
			defaultConfigurationName = Release;
		};
		68A12C7726070B4900146346 /* Build configuration list for PBXNativeTarget "My_First_iOSUITests" */ = {
			isa = XCConfigurationList;
			buildConfigurations = (
				68A12C7826070B4900146346 /* Debug */,
				68A12C7926070B4900146346 /* Release */,
			);
			defaultConfigurationIsVisible = 0;
			defaultConfigurationName = Release;
		};
/* End XCConfigurationList section */
	};
	rootObject = 68A12C3F26070B4700146346 /* Project object */;
}
