// !$*UTF8*$!
{
	archiveVersion = 1;
	classes = {
	};
	objectVersion = 50;
	objects = {

/* Begin PBXBuildFile section */
		68EFEECA2608B7E9007E6F47 /* AppDelegate.swift in Sources */ = {isa = PBXBuildFile; fileRef = 68EFEEC92608B7E9007E6F47 /* AppDelegate.swift */; };
		68EFEECC2608B7E9007E6F47 /* SceneDelegate.swift in Sources */ = {isa = PBXBuildFile; fileRef = 68EFEECB2608B7E9007E6F47 /* SceneDelegate.swift */; };
		68EFEECE2608B7E9007E6F47 /* ViewController.swift in Sources */ = {isa = PBXBuildFile; fileRef = 68EFEECD2608B7E9007E6F47 /* ViewController.swift */; };
		68EFEED12608B7EA007E6F47 /* Main.storyboard in Resources */ = {isa = PBXBuildFile; fileRef = 68EFEECF2608B7EA007E6F47 /* Main.storyboard */; };
		68EFEED32608B7EA007E6F47 /* Assets.xcassets in Resources */ = {isa = PBXBuildFile; fileRef = 68EFEED22608B7EA007E6F47 /* Assets.xcassets */; };
		68EFEED62608B7EA007E6F47 /* LaunchScreen.storyboard in Resources */ = {isa = PBXBuildFile; fileRef = 68EFEED42608B7EA007E6F47 /* LaunchScreen.storyboard */; };
		68EFEEDF2608B96B007E6F47 /* PopUp.storyboard in Resources */ = {isa = PBXBuildFile; fileRef = 68EFEEDE2608B96B007E6F47 /* PopUp.storyboard */; };
		68EFEEE22608BD17007E6F47 /* CustomPopUpViewController.swift in Sources */ = {isa = PBXBuildFile; fileRef = 68EFEEE12608BD17007E6F47 /* CustomPopUpViewController.swift */; };
		68EFEEE62608C010007E6F47 /* WebKit.framework in Frameworks */ = {isa = PBXBuildFile; fileRef = 68EFEEE52608C010007E6F47 /* WebKit.framework */; };
/* End PBXBuildFile section */

/* Begin PBXFileReference section */
		68EFEEC62608B7E9007E6F47 /* CustomPopUp_tutorial.app */ = {isa = PBXFileReference; explicitFileType = wrapper.application; includeInIndex = 0; path = CustomPopUp_tutorial.app; sourceTree = BUILT_PRODUCTS_DIR; };
		68EFEEC92608B7E9007E6F47 /* AppDelegate.swift */ = {isa = PBXFileReference; lastKnownFileType = sourcecode.swift; path = AppDelegate.swift; sourceTree = "<group>"; };
		68EFEECB2608B7E9007E6F47 /* SceneDelegate.swift */ = {isa = PBXFileReference; lastKnownFileType = sourcecode.swift; path = SceneDelegate.swift; sourceTree = "<group>"; };
		68EFEECD2608B7E9007E6F47 /* ViewController.swift */ = {isa = PBXFileReference; lastKnownFileType = sourcecode.swift; path = ViewController.swift; sourceTree = "<group>"; };
		68EFEED02608B7EA007E6F47 /* Base */ = {isa = PBXFileReference; lastKnownFileType = file.storyboard; name = Base; path = Base.lproj/Main.storyboard; sourceTree = "<group>"; };
		68EFEED22608B7EA007E6F47 /* Assets.xcassets */ = {isa = PBXFileReference; lastKnownFileType = folder.assetcatalog; path = Assets.xcassets; sourceTree = "<group>"; };
		68EFEED52608B7EA007E6F47 /* Base */ = {isa = PBXFileReference; lastKnownFileType = file.storyboard; name = Base; path = Base.lproj/LaunchScreen.storyboard; sourceTree = "<group>"; };
		68EFEED72608B7EA007E6F47 /* Info.plist */ = {isa = PBXFileReference; lastKnownFileType = text.plist.xml; path = Info.plist; sourceTree = "<group>"; };
		68EFEEDE2608B96B007E6F47 /* PopUp.storyboard */ = {isa = PBXFileReference; lastKnownFileType = file.storyboard; path = PopUp.storyboard; sourceTree = "<group>"; };
		68EFEEE12608BD17007E6F47 /* CustomPopUpViewController.swift */ = {isa = PBXFileReference; lastKnownFileType = sourcecode.swift; path = CustomPopUpViewController.swift; sourceTree = "<group>"; };
		68EFEEE52608C010007E6F47 /* WebKit.framework */ = {isa = PBXFileReference; lastKnownFileType = wrapper.framework; name = WebKit.framework; path = System/Library/Frameworks/WebKit.framework; sourceTree = SDKROOT; };
/* End PBXFileReference section */

/* Begin PBXFrameworksBuildPhase section */
		68EFEEC32608B7E9007E6F47 /* Frameworks */ = {
			isa = PBXFrameworksBuildPhase;
			buildActionMask = 2147483647;
			files = (
				68EFEEE62608C010007E6F47 /* WebKit.framework in Frameworks */,
			);
			runOnlyForDeploymentPostprocessing = 0;
		};
/* End PBXFrameworksBuildPhase section */

/* Begin PBXGroup section */
		68EFEEBD2608B7E9007E6F47 = {
			isa = PBXGroup;
			children = (
				68EFEEC82608B7E9007E6F47 /* CustomPopUp_tutorial */,
				68EFEEC72608B7E9007E6F47 /* Products */,
				68EFEEE42608C00F007E6F47 /* Frameworks */,
			);
			sourceTree = "<group>";
		};
		68EFEEC72608B7E9007E6F47 /* Products */ = {
			isa = PBXGroup;
			children = (
				68EFEEC62608B7E9007E6F47 /* CustomPopUp_tutorial.app */,
			);
			name = Products;
			sourceTree = "<group>";
		};
		68EFEEC82608B7E9007E6F47 /* CustomPopUp_tutorial */ = {
			isa = PBXGroup;
			children = (
				68EFEEC92608B7E9007E6F47 /* AppDelegate.swift */,
				68EFEECB2608B7E9007E6F47 /* SceneDelegate.swift */,
				68EFEECD2608B7E9007E6F47 /* ViewController.swift */,
				68EFEECF2608B7EA007E6F47 /* Main.storyboard */,
				68EFEED22608B7EA007E6F47 /* Assets.xcassets */,
				68EFEED42608B7EA007E6F47 /* LaunchScreen.storyboard */,
				68EFEED72608B7EA007E6F47 /* Info.plist */,
				68EFEEDE2608B96B007E6F47 /* PopUp.storyboard */,
				68EFEEE12608BD17007E6F47 /* CustomPopUpViewController.swift */,
			);
			path = CustomPopUp_tutorial;
			sourceTree = "<group>";
		};
		68EFEEE42608C00F007E6F47 /* Frameworks */ = {
			isa = PBXGroup;
			children = (
				68EFEEE52608C010007E6F47 /* WebKit.framework */,
			);
			name = Frameworks;
			sourceTree = "<group>";
		};
/* End PBXGroup section */

/* Begin PBXNativeTarget section */
		68EFEEC52608B7E9007E6F47 /* CustomPopUp_tutorial */ = {
			isa = PBXNativeTarget;
			buildConfigurationList = 68EFEEDA2608B7EA007E6F47 /* Build configuration list for PBXNativeTarget "CustomPopUp_tutorial" */;
			buildPhases = (
				68EFEEC22608B7E9007E6F47 /* Sources */,
				68EFEEC32608B7E9007E6F47 /* Frameworks */,
				68EFEEC42608B7E9007E6F47 /* Resources */,
			);
			buildRules = (
			);
			dependencies = (
			);
			name = CustomPopUp_tutorial;
			productName = CustomPopUp_tutorial;
			productReference = 68EFEEC62608B7E9007E6F47 /* CustomPopUp_tutorial.app */;
			productType = "com.apple.product-type.application";
		};
/* End PBXNativeTarget section */

/* Begin PBXProject section */
		68EFEEBE2608B7E9007E6F47 /* Project object */ = {
			isa = PBXProject;
			attributes = {
				LastSwiftUpdateCheck = 1240;
				LastUpgradeCheck = 1240;
				TargetAttributes = {
					68EFEEC52608B7E9007E6F47 = {
						CreatedOnToolsVersion = 12.4;
					};
				};
			};
			buildConfigurationList = 68EFEEC12608B7E9007E6F47 /* Build configuration list for PBXProject "CustomPopUp_tutorial" */;
			compatibilityVersion = "Xcode 9.3";
			developmentRegion = en;
			hasScannedForEncodings = 0;
			knownRegions = (
				en,
				Base,
			);
			mainGroup = 68EFEEBD2608B7E9007E6F47;
			productRefGroup = 68EFEEC72608B7E9007E6F47 /* Products */;
			projectDirPath = "";
			projectRoot = "";
			targets = (
				68EFEEC52608B7E9007E6F47 /* CustomPopUp_tutorial */,
			);
		};
/* End PBXProject section */

/* Begin PBXResourcesBuildPhase section */
		68EFEEC42608B7E9007E6F47 /* Resources */ = {
			isa = PBXResourcesBuildPhase;
			buildActionMask = 2147483647;
			files = (
				68EFEED62608B7EA007E6F47 /* LaunchScreen.storyboard in Resources */,
				68EFEED32608B7EA007E6F47 /* Assets.xcassets in Resources */,
				68EFEED12608B7EA007E6F47 /* Main.storyboard in Resources */,
				68EFEEDF2608B96B007E6F47 /* PopUp.storyboard in Resources */,
			);
			runOnlyForDeploymentPostprocessing = 0;
		};
/* End PBXResourcesBuildPhase section */

/* Begin PBXSourcesBuildPhase section */
		68EFEEC22608B7E9007E6F47 /* Sources */ = {
			isa = PBXSourcesBuildPhase;
			buildActionMask = 2147483647;
			files = (
				68EFEEE22608BD17007E6F47 /* CustomPopUpViewController.swift in Sources */,
				68EFEECE2608B7E9007E6F47 /* ViewController.swift in Sources */,
				68EFEECA2608B7E9007E6F47 /* AppDelegate.swift in Sources */,
				68EFEECC2608B7E9007E6F47 /* SceneDelegate.swift in Sources */,
			);
			runOnlyForDeploymentPostprocessing = 0;
		};
/* End PBXSourcesBuildPhase section */

/* Begin PBXVariantGroup section */
		68EFEECF2608B7EA007E6F47 /* Main.storyboard */ = {
			isa = PBXVariantGroup;
			children = (
				68EFEED02608B7EA007E6F47 /* Base */,
			);
			name = Main.storyboard;
			sourceTree = "<group>";
		};
		68EFEED42608B7EA007E6F47 /* LaunchScreen.storyboard */ = {
			isa = PBXVariantGroup;
			children = (
				68EFEED52608B7EA007E6F47 /* Base */,
			);
			name = LaunchScreen.storyboard;
			sourceTree = "<group>";
		};
/* End PBXVariantGroup section */

/* Begin XCBuildConfiguration section */
		68EFEED82608B7EA007E6F47 /* Debug */ = {
			isa = XCBuildConfiguration;
			buildSettings = {
				ALWAYS_SEARCH_USER_PATHS = NO;
				CLANG_ANALYZER_NONNULL = YES;
				CLANG_ANALYZER_NUMBER_OBJECT_CONVERSION = YES_AGGRESSIVE;
				CLANG_CXX_LANGUAGE_STANDARD = "gnu++14";
				CLANG_CXX_LIBRARY = "libc++";
				CLANG_ENABLE_MODULES = YES;
				CLANG_ENABLE_OBJC_ARC = YES;
				CLANG_ENABLE_OBJC_WEAK = YES;
				CLANG_WARN_BLOCK_CAPTURE_AUTORELEASING = YES;
				CLANG_WARN_BOOL_CONVERSION = YES;
				CLANG_WARN_COMMA = YES;
				CLANG_WARN_CONSTANT_CONVERSION = YES;
				CLANG_WARN_DEPRECATED_OBJC_IMPLEMENTATIONS = YES;
				CLANG_WARN_DIRECT_OBJC_ISA_USAGE = YES_ERROR;
				CLANG_WARN_DOCUMENTATION_COMMENTS = YES;
				CLANG_WARN_EMPTY_BODY = YES;
				CLANG_WARN_ENUM_CONVERSION = YES;
				CLANG_WARN_INFINITE_RECURSION = YES;
				CLANG_WARN_INT_CONVERSION = YES;
				CLANG_WARN_NON_LITERAL_NULL_CONVERSION = YES;
				CLANG_WARN_OBJC_IMPLICIT_RETAIN_SELF = YES;
				CLANG_WARN_OBJC_LITERAL_CONVERSION = YES;
				CLANG_WARN_OBJC_ROOT_CLASS = YES_ERROR;
				CLANG_WARN_QUOTED_INCLUDE_IN_FRAMEWORK_HEADER = YES;
				CLANG_WARN_RANGE_LOOP_ANALYSIS = YES;
				CLANG_WARN_STRICT_PROTOTYPES = YES;
				CLANG_WARN_SUSPICIOUS_MOVE = YES;
				CLANG_WARN_UNGUARDED_AVAILABILITY = YES_AGGRESSIVE;
				CLANG_WARN_UNREACHABLE_CODE = YES;
				CLANG_WARN__DUPLICATE_METHOD_MATCH = YES;
				COPY_PHASE_STRIP = NO;
				DEBUG_INFORMATION_FORMAT = dwarf;
				ENABLE_STRICT_OBJC_MSGSEND = YES;
				ENABLE_TESTABILITY = YES;
				GCC_C_LANGUAGE_STANDARD = gnu11;
				GCC_DYNAMIC_NO_PIC = NO;
				GCC_NO_COMMON_BLOCKS = YES;
				GCC_OPTIMIZATION_LEVEL = 0;
				GCC_PREPROCESSOR_DEFINITIONS = (
					"DEBUG=1",
					"$(inherited)",
				);
				GCC_WARN_64_TO_32_BIT_CONVERSION = YES;
				GCC_WARN_ABOUT_RETURN_TYPE = YES_ERROR;
				GCC_WARN_UNDECLARED_SELECTOR = YES;
				GCC_WARN_UNINITIALIZED_AUTOS = YES_AGGRESSIVE;
				GCC_WARN_UNUSED_FUNCTION = YES;
				GCC_WARN_UNUSED_VARIABLE = YES;
				IPHONEOS_DEPLOYMENT_TARGET = 14.4;
				MTL_ENABLE_DEBUG_INFO = INCLUDE_SOURCE;
				MTL_FAST_MATH = YES;
				ONLY_ACTIVE_ARCH = YES;
				SDKROOT = iphoneos;
				SWIFT_ACTIVE_COMPILATION_CONDITIONS = DEBUG;
				SWIFT_OPTIMIZATION_LEVEL = "-Onone";
			};
			name = Debug;
		};
		68EFEED92608B7EA007E6F47 /* Release */ = {
			isa = XCBuildConfiguration;
			buildSettings = {
				ALWAYS_SEARCH_USER_PATHS = NO;
				CLANG_ANALYZER_NONNULL = YES;
				CLANG_ANALYZER_NUMBER_OBJECT_CONVERSION = YES_AGGRESSIVE;
				CLANG_CXX_LANGUAGE_STANDARD = "gnu++14";
				CLANG_CXX_LIBRARY = "libc++";
				CLANG_ENABLE_MODULES = YES;
				CLANG_ENABLE_OBJC_ARC = YES;
				CLANG_ENABLE_OBJC_WEAK = YES;
				CLANG_WARN_BLOCK_CAPTURE_AUTORELEASING = YES;
				CLANG_WARN_BOOL_CONVERSION = YES;
				CLANG_WARN_COMMA = YES;
				CLANG_WARN_CONSTANT_CONVERSION = YES;
				CLANG_WARN_DEPRECATED_OBJC_IMPLEMENTATIONS = YES;
				CLANG_WARN_DIRECT_OBJC_ISA_USAGE = YES_ERROR;
				CLANG_WARN_DOCUMENTATION_COMMENTS = YES;
				CLANG_WARN_EMPTY_BODY = YES;
				CLANG_WARN_ENUM_CONVERSION = YES;
				CLANG_WARN_INFINITE_RECURSION = YES;
				CLANG_WARN_INT_CONVERSION = YES;
				CLANG_WARN_NON_LITERAL_NULL_CONVERSION = YES;
				CLANG_WARN_OBJC_IMPLICIT_RETAIN_SELF = YES;
				CLANG_WARN_OBJC_LITERAL_CONVERSION = YES;
				CLANG_WARN_OBJC_ROOT_CLASS = YES_ERROR;
				CLANG_WARN_QUOTED_INCLUDE_IN_FRAMEWORK_HEADER = YES;
				CLANG_WARN_RANGE_LOOP_ANALYSIS = YES;
				CLANG_WARN_STRICT_PROTOTYPES = YES;
				CLANG_WARN_SUSPICIOUS_MOVE = YES;
				CLANG_WARN_UNGUARDED_AVAILABILITY = YES_AGGRESSIVE;
				CLANG_WARN_UNREACHABLE_CODE = YES;
				CLANG_WARN__DUPLICATE_METHOD_MATCH = YES;
				COPY_PHASE_STRIP = NO;
				DEBUG_INFORMATION_FORMAT = "dwarf-with-dsym";
				ENABLE_NS_ASSERTIONS = NO;
				ENABLE_STRICT_OBJC_MSGSEND = YES;
				GCC_C_LANGUAGE_STANDARD = gnu11;
				GCC_NO_COMMON_BLOCKS = YES;
				GCC_WARN_64_TO_32_BIT_CONVERSION = YES;
				GCC_WARN_ABOUT_RETURN_TYPE = YES_ERROR;
				GCC_WARN_UNDECLARED_SELECTOR = YES;
				GCC_WARN_UNINITIALIZED_AUTOS = YES_AGGRESSIVE;
				GCC_WARN_UNUSED_FUNCTION = YES;
				GCC_WARN_UNUSED_VARIABLE = YES;
				IPHONEOS_DEPLOYMENT_TARGET = 14.4;
				MTL_ENABLE_DEBUG_INFO = NO;
				MTL_FAST_MATH = YES;
				SDKROOT = iphoneos;
				SWIFT_COMPILATION_MODE = wholemodule;
				SWIFT_OPTIMIZATION_LEVEL = "-O";
				VALIDATE_PRODUCT = YES;
			};
			name = Release;
		};
		68EFEEDB2608B7EA007E6F47 /* Debug */ = {
			isa = XCBuildConfiguration;
			buildSettings = {
				ASSETCATALOG_COMPILER_APPICON_NAME = AppIcon;
				ASSETCATALOG_COMPILER_GLOBAL_ACCENT_COLOR_NAME = AccentColor;
				CODE_SIGN_STYLE = Automatic;
				INFOPLIST_FILE = CustomPopUp_tutorial/Info.plist;
				LD_RUNPATH_SEARCH_PATHS = (
					"$(inherited)",
					"@executable_path/Frameworks",
				);
				PRODUCT_BUNDLE_IDENTIFIER = "simonpark.CustomPopUp-tutorial";
				PRODUCT_NAME = "$(TARGET_NAME)";
				SWIFT_VERSION = 5.0;
				TARGETED_DEVICE_FAMILY = "1,2";
			};
			name = Debug;
		};
		68EFEEDC2608B7EA007E6F47 /* Release */ = {
			isa = XCBuildConfiguration;
			buildSettings = {
				ASSETCATALOG_COMPILER_APPICON_NAME = AppIcon;
				ASSETCATALOG_COMPILER_GLOBAL_ACCENT_COLOR_NAME = AccentColor;
				CODE_SIGN_STYLE = Automatic;
				INFOPLIST_FILE = CustomPopUp_tutorial/Info.plist;
				LD_RUNPATH_SEARCH_PATHS = (
					"$(inherited)",
					"@executable_path/Frameworks",
				);
				PRODUCT_BUNDLE_IDENTIFIER = "simonpark.CustomPopUp-tutorial";
				PRODUCT_NAME = "$(TARGET_NAME)";
				SWIFT_VERSION = 5.0;
				TARGETED_DEVICE_FAMILY = "1,2";
			};
			name = Release;
		};
/* End XCBuildConfiguration section */

/* Begin XCConfigurationList section */
		68EFEEC12608B7E9007E6F47 /* Build configuration list for PBXProject "CustomPopUp_tutorial" */ = {
			isa = XCConfigurationList;
			buildConfigurations = (
				68EFEED82608B7EA007E6F47 /* Debug */,
				68EFEED92608B7EA007E6F47 /* Release */,
			);
			defaultConfigurationIsVisible = 0;
			defaultConfigurationName = Release;
		};
		68EFEEDA2608B7EA007E6F47 /* Build configuration list for PBXNativeTarget "CustomPopUp_tutorial" */ = {
			isa = XCConfigurationList;
			buildConfigurations = (
				68EFEEDB2608B7EA007E6F47 /* Debug */,
				68EFEEDC2608B7EA007E6F47 /* Release */,
			);
			defaultConfigurationIsVisible = 0;
			defaultConfigurationName = Release;
		};
/* End XCConfigurationList section */
	};
	rootObject = 68EFEEBE2608B7E9007E6F47 /* Project object */;
}
